{
  "name": "biyesheji",
  "version": "1.0.0",
  "lockfileVersion": 1,
  "requires": true,
  "dependencies": {
    "@vant/area-data": {
      "version": "1.2.3",
      "resolved": "https://registry.npmjs.org/@vant/area-data/-/area-data-1.2.3.tgz",
      "integrity": "sha512-9bDgEsFnTjdaYXPvsYKRQmxzKDdLCl0c1dOo4JGE6RhaIcq2kR2f5cK0LUdGK+U/SuBz9NfW5ejL1lejcFiP1Q=="
    },
    "@vant/weapp": {
      "version": "1.10.0",
      "resolved": "https://registry.npmmirror.com/@vant/weapp/download/@vant/weapp-1.10.0.tgz",
      "integrity": "sha512-cNW2U98GlYwh8t4loEASyvukITlPohJM9HkAF8/dRSJrKm2689nqE8eeASFkWADdhqayGvy08cWoJhqMNh6ZXA=="
    }
  }
}
